
Microsoft Visual Studio Solution File, Format Version 12.00
# Visual Studio Version 16
VisualStudioVersion = 16.0.30717.126
MinimumVisualStudioVersion = 10.0.40219.1
Project("{FAE04EC0-301F-11D3-BF4B-00C04F79EFBC}") = "Frost", "Frost.csproj", "{B412F986-9A4B-4BE3-B47E-FB1CDFBA12FE}"
EndProject
Global
	GlobalSection(SolutionConfigurationPlatforms) = preSolution
		Debug|Any CPU = Debug|Any CPU
		Release|Any CPU = Release|Any CPU
	EndGlobalSection
	GlobalSection(ProjectConfigurationPlatforms) = postSolution
		{B412F986-9A4B-4BE3-B47E-FB1CDFBA12FE}.Debug|Any CPU.ActiveCfg = Debug|Any CPU
		{B412F986-9A4B-4BE3-B47E-FB1CDFBA12FE}.Debug|Any CPU.Build.0 = Debug|Any CPU
		{B412F986-9A4B-4BE3-B47E-FB1CDFBA12FE}.Release|Any CPU.ActiveCfg = Release|Any CPU
		{B412F986-9A4B-4BE3-B47E-FB1CDFBA12FE}.Release|Any CPU.Build.0 = Release|Any CPU
	EndGlobalSection
	GlobalSection(SolutionProperties) = preSolution
		HideSolutionNode = FALSE
	EndGlobalSection
	GlobalSection(ExtensibilityGlobals) = postSolution
		SolutionGuid = {6B6245BB-81ED-4029-8285-494132CA9357}
	EndGlobalSection
EndGlobal
